
Microsoft Visual Studio Solution File, Format Version 12.00
# Visual Studio Version 17
VisualStudioVersion = 17.14.36811.4 d17.14
MinimumVisualStudioVersion = 10.0.40219.1
Project("{FAE04EC0-301F-11D3-BF4B-00C04F79EFBC}") = "3TaC8-PlanningPort", "3TaC8-PlanningPort.csproj", "{4328A132-EB64-4BFF-9D48-3DE909D24A8B}"
EndProject
Global
	GlobalSection(SolutionConfigurationPlatforms) = preSolution
		Debug|Any CPU = Debug|Any CPU
		Release|Any CPU = Release|Any CPU
	EndGlobalSection
	GlobalSection(ProjectConfigurationPlatforms) = postSolution
		{4328A132-EB64-4BFF-9D48-3DE909D24A8B}.Debug|Any CPU.ActiveCfg = Debug|Any CPU
		{4328A132-EB64-4BFF-9D48-3DE909D24A8B}.Debug|Any CPU.Build.0 = Debug|Any CPU
		{4328A132-EB64-4BFF-9D48-3DE909D24A8B}.Release|Any CPU.ActiveCfg = Release|Any CPU
		{4328A132-EB64-4BFF-9D48-3DE909D24A8B}.Release|Any CPU.Build.0 = Release|Any CPU
	EndGlobalSection
	GlobalSection(SolutionProperties) = preSolution
		HideSolutionNode = FALSE
	EndGlobalSection
	GlobalSection(ExtensibilityGlobals) = postSolution
		SolutionGuid = {08676BF4-884D-4DD0-BAE8-4ACDE10AA73A}
	EndGlobalSection
EndGlobal
